
Microsoft Visual Studio Solution File, Format Version 12.00
# Visual Studio Version 16
VisualStudioVersion = 16.0.31729.503
MinimumVisualStudioVersion = 10.0.40219.1
Project("{FAE04EC0-301F-11D3-BF4B-00C04F79EFBC}") = "assignment_3_3d", "assignment_3_3d\assignment_3_3d.csproj", "{301AC85E-F0F2-4AA9-80E8-0FA078D5B647}"
EndProject
Global
	GlobalSection(SolutionConfigurationPlatforms) = preSolution
		Debug|Any CPU = Debug|Any CPU
		Release|Any CPU = Release|Any CPU
	EndGlobalSection
	GlobalSection(ProjectConfigurationPlatforms) = postSolution
		{301AC85E-F0F2-4AA9-80E8-0FA078D5B647}.Debug|Any CPU.ActiveCfg = Debug|Any CPU
		{301AC85E-F0F2-4AA9-80E8-0FA078D5B647}.Debug|Any CPU.Build.0 = Debug|Any CPU
		{301AC85E-F0F2-4AA9-80E8-0FA078D5B647}.Release|Any CPU.ActiveCfg = Release|Any CPU
		{301AC85E-F0F2-4AA9-80E8-0FA078D5B647}.Release|Any CPU.Build.0 = Release|Any CPU
	EndGlobalSection
	GlobalSection(SolutionProperties) = preSolution
		HideSolutionNode = FALSE
	EndGlobalSection
	GlobalSection(ExtensibilityGlobals) = postSolution
		SolutionGuid = {5ACA76F3-4B5D-4657-BE40-1E91E15C20E4}
	EndGlobalSection
EndGlobal
